{
  "object": {
    "pins": [
      {
        "package": "KeychainAccess",
        "repositoryURL": "git://github.com/kishikawakatsumi/KeychainAccess",
        "state": {
          "branch": null,
          "revision": "b920ad7df3c73189dcdd4aa05c540849b2010dbf",
          "version": "4.1.0"
        }
      }
    ]
  },
  "version": 1
}
